github.com/DisposaBoy/JsonConfigReader v0.0.0-20201129172854-99cf318d67e7 h1:AJKJCKcb/psppPl/9CUiQQnTG+Bce0/cIweD5w5Q7aQ=
github.com/DisposaBoy/JsonConfigReader v0.0.0-20201129172854-99cf318d67e7/go.mod h1:GCzqZQHydohgVLSIqRKZeTt8IGb1Y4NaFfim3H40uUI=
github.com/cyphrme/coz v1.0.0 h1:m6IQ3h/s7sch2lhMPTfCLy2DD63U+yJfivjJ3Ba4fio=
github.com/cyphrme/coz v1.0.0/go.mod h1:8IKpXO/Be20+IycrRTBTgHlYgV+RsGAxupBxwIf7ads=
github.com/cyphrme/path v0.0.0-20260429163556-88ccdc9e54c5 h1:FVGmYoCZwu/fk0VAb0UVLuSpaFOWBKKR9pauEhxep6c=
github.com/cyphrme/path v0.0.0-20260429163556-88ccdc9e54c5/go.mod h1:VorJdeApTW+rcYsisRwZSXrmEmLKRGQTu/FfJOmY24U=
github.com/cyphrme/watchmod v0.0.0-20260429165300-c22f2bdc62c2 h1:A8iFvwFAo/RRViIfMdSSfrG01q+kHWmeTzxQX5EXSAU=
github.com/cyphrme/watchmod v0.0.0-20260429165300-c22f2bdc62c2/go.mod h1:NySVnad2uXqxn6C/Vr8mGyF8+WdK0eYApap5nt2wags=
github.com/fsnotify/fsnotify v1.4.9 h1:hsms1Qyu0jgnwNXIxa+/V/PDsU6CfLf6CNO8H7IWoS4=
github.com/fsnotify/fsnotify v1.4.9/go.mod h1:znqG4EE+3YCdAaPaxE2ZRY/06pZUdp0tY4IgpuI1SZQ=
golang.org/x/crypto v0.46.0 h1:cKRW/pmt1pKAfetfu+RCEvjvZkA9RimPbh7bhFjGVBU=
golang.org/x/crypto v0.46.0/go.mod h1:Evb/oLKmMraqjZ2iQTwDwvCtJkczlDuTmdJXoZVzqU0=
golang.org/x/exp v0.0.0-20220722155223-a9213eeb770e h1:+WEEuIdZHnUeJJmEUjyYC2gfUMj69yZXw17EnHg/otA=
golang.org/x/exp v0.0.0-20220722155223-a9213eeb770e/go.mod h1:Kr81I6Kryrl9sr8s2FK3vxD90NdsKWRuOIl2O4CvYbA=
golang.org/x/sys v0.0.0-20191005200804-aed5e4c7ecf9/go.mod h1:h1NjWce9XRLGQEsW7wpKNCjG9DtNlClVuFLEZdDNbEs=
golang.org/x/sys v0.39.0 h1:CvCKL8MeisomCi6qNZ+wbb0DN9E5AATixKsvNtMoMFk=
golang.org/x/sys v0.39.0/go.mod h1:OgkHotnGiDImocRcuBABYBEXf8A9a87e/uXjp9XT3ks=
